
Microsoft Visual Studio Solution File, Format Version 12.00
# Visual Studio Version 16
VisualStudioVersion = 16.0.31129.286
MinimumVisualStudioVersion = 10.0.40219.1
Project("{FAE04EC0-301F-11D3-BF4B-00C04F79EFBC}") = "RaindropsLibrary", "RaindropsLibrary\RaindropsLibrary.csproj", "{4401BF55-646E-42B0-AE0C-7F698A5BF239}"
EndProject
Global
	GlobalSection(SolutionConfigurationPlatforms) = preSolution
		Debug|Any CPU = Debug|Any CPU
		Release|Any CPU = Release|Any CPU
	EndGlobalSection
	GlobalSection(ProjectConfigurationPlatforms) = postSolution
		{4401BF55-646E-42B0-AE0C-7F698A5BF239}.Debug|Any CPU.ActiveCfg = Debug|Any CPU
		{4401BF55-646E-42B0-AE0C-7F698A5BF239}.Debug|Any CPU.Build.0 = Debug|Any CPU
		{4401BF55-646E-42B0-AE0C-7F698A5BF239}.Release|Any CPU.ActiveCfg = Release|Any CPU
		{4401BF55-646E-42B0-AE0C-7F698A5BF239}.Release|Any CPU.Build.0 = Release|Any CPU
	EndGlobalSection
	GlobalSection(SolutionProperties) = preSolution
		HideSolutionNode = FALSE
	EndGlobalSection
	GlobalSection(ExtensibilityGlobals) = postSolution
		SolutionGuid = {886BB4DA-F6F2-4313-8592-63D0C12FEF7E}
	EndGlobalSection
EndGlobal
